
Microsoft Visual Studio Solution File, Format Version 12.00
# Visual Studio 14
VisualStudioVersion = 14.0.23107.0
MinimumVisualStudioVersion = 10.0.40219.1
Project("{FAE04EC0-301F-11D3-BF4B-00C04F79EFBC}") = "DentalClinic.Services", "DentalClinic.Services\DentalClinic.Services.csproj", "{FED2C01F-846F-40DB-AA13-5470E3F63CB8}"
EndProject
Project("{FAE04EC0-301F-11D3-BF4B-00C04F79EFBC}") = "DentalClinic.Tests", "DentalClinic.Tests\DentalClinic.Tests.csproj", "{BF97B13F-2988-462C-A580-291E1DF421A0}"
EndProject
Project("{FAE04EC0-301F-11D3-BF4B-00C04F79EFBC}") = "DentalClinic.UI", "DentalClinic.UI\DentalClinic.UI.csproj", "{4A368318-AE38-4CD0-8AA5-A38F53639327}"
EndProject
Project("{FAE04EC0-301F-11D3-BF4B-00C04F79EFBC}") = "DentalClinic.Data", "DentalClinic.Data\DentalClinic.Data.csproj", "{09C51B47-5F01-4C41-B53A-02D687C8D7F3}"
EndProject
Global
	GlobalSection(SolutionConfigurationPlatforms) = preSolution
		Debug|Any CPU = Debug|Any CPU
		Release|Any CPU = Release|Any CPU
	EndGlobalSection
	GlobalSection(ProjectConfigurationPlatforms) = postSolution
		{FED2C01F-846F-40DB-AA13-5470E3F63CB8}.Debug|Any CPU.ActiveCfg = Debug|Any CPU
		{FED2C01F-846F-40DB-AA13-5470E3F63CB8}.Debug|Any CPU.Build.0 = Debug|Any CPU
		{FED2C01F-846F-40DB-AA13-5470E3F63CB8}.Release|Any CPU.ActiveCfg = Release|Any CPU
		{FED2C01F-846F-40DB-AA13-5470E3F63CB8}.Release|Any CPU.Build.0 = Release|Any CPU
		{BF97B13F-2988-462C-A580-291E1DF421A0}.Debug|Any CPU.ActiveCfg = Debug|Any CPU
		{BF97B13F-2988-462C-A580-291E1DF421A0}.Debug|Any CPU.Build.0 = Debug|Any CPU
		{BF97B13F-2988-462C-A580-291E1DF421A0}.Release|Any CPU.ActiveCfg = Release|Any CPU
		{BF97B13F-2988-462C-A580-291E1DF421A0}.Release|Any CPU.Build.0 = Release|Any CPU
		{4A368318-AE38-4CD0-8AA5-A38F53639327}.Debug|Any CPU.ActiveCfg = Debug|Any CPU
		{4A368318-AE38-4CD0-8AA5-A38F53639327}.Debug|Any CPU.Build.0 = Debug|Any CPU
		{4A368318-AE38-4CD0-8AA5-A38F53639327}.Release|Any CPU.ActiveCfg = Release|Any CPU
		{4A368318-AE38-4CD0-8AA5-A38F53639327}.Release|Any CPU.Build.0 = Release|Any CPU
		{09C51B47-5F01-4C41-B53A-02D687C8D7F3}.Debug|Any CPU.ActiveCfg = Debug|Any CPU
		{09C51B47-5F01-4C41-B53A-02D687C8D7F3}.Debug|Any CPU.Build.0 = Debug|Any CPU
		{09C51B47-5F01-4C41-B53A-02D687C8D7F3}.Release|Any CPU.ActiveCfg = Release|Any CPU
		{09C51B47-5F01-4C41-B53A-02D687C8D7F3}.Release|Any CPU.Build.0 = Release|Any CPU
	EndGlobalSection
	GlobalSection(SolutionProperties) = preSolution
		HideSolutionNode = FALSE
	EndGlobalSection
EndGlobal
